
Microsoft Visual Studio Solution File, Format Version 12.00
# Visual Studio Version 17
VisualStudioVersion = 17.4.33213.308
MinimumVisualStudioVersion = 10.0.40219.1
Project("{FAE04EC0-301F-11D3-BF4B-00C04F79EFBC}") = "Snake", "Snake\Snake.csproj", "{1D082FD6-EAD8-41AA-9A03-BB764C277071}"
EndProject
Global
	GlobalSection(SolutionConfigurationPlatforms) = preSolution
		Debug|Any CPU = Debug|Any CPU
		Release|Any CPU = Release|Any CPU
	EndGlobalSection
	GlobalSection(ProjectConfigurationPlatforms) = postSolution
		{1D082FD6-EAD8-41AA-9A03-BB764C277071}.Debug|Any CPU.ActiveCfg = Debug|Any CPU
		{1D082FD6-EAD8-41AA-9A03-BB764C277071}.Debug|Any CPU.Build.0 = Debug|Any CPU
		{1D082FD6-EAD8-41AA-9A03-BB764C277071}.Release|Any CPU.ActiveCfg = Release|Any CPU
		{1D082FD6-EAD8-41AA-9A03-BB764C277071}.Release|Any CPU.Build.0 = Release|Any CPU
	EndGlobalSection
	GlobalSection(SolutionProperties) = preSolution
		HideSolutionNode = FALSE
	EndGlobalSection
	GlobalSection(ExtensibilityGlobals) = postSolution
		SolutionGuid = {2F0289FA-FDC6-4F6B-8DF3-FF99B5857E3E}
	EndGlobalSection
EndGlobal
